
Microsoft Visual Studio Solution File, Format Version 12.00
# Visual Studio 2013
VisualStudioVersion = 12.0.31101.0
MinimumVisualStudioVersion = 10.0.40219.1
Project("{FAE04EC0-301F-11D3-BF4B-00C04F79EFBC}") = "COMP2007- Lesson11", "COMP2007- Lesson11\COMP2007- Lesson11.csproj", "{49D4E631-DF7C-4731-BB2B-D2FF21A68515}"
EndProject
Global
	GlobalSection(SolutionConfigurationPlatforms) = preSolution
		Debug|Any CPU = Debug|Any CPU
		Release|Any CPU = Release|Any CPU
	EndGlobalSection
	GlobalSection(ProjectConfigurationPlatforms) = postSolution
		{49D4E631-DF7C-4731-BB2B-D2FF21A68515}.Debug|Any CPU.ActiveCfg = Debug|Any CPU
		{49D4E631-DF7C-4731-BB2B-D2FF21A68515}.Debug|Any CPU.Build.0 = Debug|Any CPU
		{49D4E631-DF7C-4731-BB2B-D2FF21A68515}.Release|Any CPU.ActiveCfg = Release|Any CPU
		{49D4E631-DF7C-4731-BB2B-D2FF21A68515}.Release|Any CPU.Build.0 = Release|Any CPU
	EndGlobalSection
	GlobalSection(SolutionProperties) = preSolution
		HideSolutionNode = FALSE
	EndGlobalSection
EndGlobal
